
Microsoft Visual Studio Solution File, Format Version 12.00
# Visual Studio Version 16
VisualStudioVersion = 16.0.30204.135
MinimumVisualStudioVersion = 10.0.40219.1
Project("{FAE04EC0-301F-11D3-BF4B-00C04F79EFBC}") = "ywxcoredemo", "ywxcoredemo\ywxcoredemo.csproj", "{357D410E-3B2F-4BE2-AE05-2C4542A80645}"
EndProject
Project("{E53339B2-1760-4266-BCC7-CA923CBCF16C}") = "docker-compose", "docker-compose.dcproj", "{0333FDCC-64BA-4051-89D7-595567038B04}"
EndProject
Global
	GlobalSection(SolutionConfigurationPlatforms) = preSolution
		Debug|Any CPU = Debug|Any CPU
		Release|Any CPU = Release|Any CPU
	EndGlobalSection
	GlobalSection(ProjectConfigurationPlatforms) = postSolution
		{357D410E-3B2F-4BE2-AE05-2C4542A80645}.Debug|Any CPU.ActiveCfg = Debug|Any CPU
		{357D410E-3B2F-4BE2-AE05-2C4542A80645}.Debug|Any CPU.Build.0 = Debug|Any CPU
		{357D410E-3B2F-4BE2-AE05-2C4542A80645}.Release|Any CPU.ActiveCfg = Release|Any CPU
		{357D410E-3B2F-4BE2-AE05-2C4542A80645}.Release|Any CPU.Build.0 = Release|Any CPU
		{0333FDCC-64BA-4051-89D7-595567038B04}.Debug|Any CPU.ActiveCfg = Debug|Any CPU
		{0333FDCC-64BA-4051-89D7-595567038B04}.Debug|Any CPU.Build.0 = Debug|Any CPU
		{0333FDCC-64BA-4051-89D7-595567038B04}.Release|Any CPU.ActiveCfg = Release|Any CPU
		{0333FDCC-64BA-4051-89D7-595567038B04}.Release|Any CPU.Build.0 = Release|Any CPU
	EndGlobalSection
	GlobalSection(SolutionProperties) = preSolution
		HideSolutionNode = FALSE
	EndGlobalSection
	GlobalSection(ExtensibilityGlobals) = postSolution
		SolutionGuid = {4E62B707-8BA5-45A9-B329-8B8586A0CC3C}
	EndGlobalSection
EndGlobal
